Microsoft Visual Studio Solution File, Format Version 12.00
# Visual Studio Version 17
VisualStudioVersion = 17.5.2.0
MinimumVisualStudioVersion = 10.0.40219.1
Project("{FAE04EC0-301F-11D3-BF4B-00C04F79EFBC}") = "Discord", "Discord\Discord.csproj", "{1F99214C-9C82-6923-370A-8792DBBF44CA}"
EndProject
Global
	GlobalSection(SolutionConfigurationPlatforms) = preSolution
		Debug|Any CPU = Debug|Any CPU
		Release|Any CPU = Release|Any CPU
	EndGlobalSection
	GlobalSection(ProjectConfigurationPlatforms) = postSolution
		{1F99214C-9C82-6923-370A-8792DBBF44CA}.Debug|Any CPU.ActiveCfg = Debug|Any CPU
		{1F99214C-9C82-6923-370A-8792DBBF44CA}.Debug|Any CPU.Build.0 = Debug|Any CPU
		{1F99214C-9C82-6923-370A-8792DBBF44CA}.Release|Any CPU.ActiveCfg = Release|Any CPU
		{1F99214C-9C82-6923-370A-8792DBBF44CA}.Release|Any CPU.Build.0 = Release|Any CPU
	EndGlobalSection
	GlobalSection(SolutionProperties) = preSolution
		HideSolutionNode = FALSE
	EndGlobalSection
	GlobalSection(ExtensibilityGlobals) = postSolution
		SolutionGuid = {723DF815-D6FF-4FB2-9382-D33431694759}
	EndGlobalSection
EndGlobal
